
Microsoft Visual Studio Solution File, Format Version 12.00
# Visual Studio Version 16
VisualStudioVersion = 16.0.30907.101
MinimumVisualStudioVersion = 10.0.40219.1
Project("{FAE04EC0-301F-11D3-BF4B-00C04F79EFBC}") = "LVAPVJafet", "LVAPVJafet\LVAPVJafet.csproj", "{C19A8400-4A41-4336-94D7-9EAB1F66CF1D}"
EndProject
Global
	GlobalSection(SolutionConfigurationPlatforms) = preSolution
		Debug|Any CPU = Debug|Any CPU
		Release|Any CPU = Release|Any CPU
	EndGlobalSection
	GlobalSection(ProjectConfigurationPlatforms) = postSolution
		{C19A8400-4A41-4336-94D7-9EAB1F66CF1D}.Debug|Any CPU.ActiveCfg = Debug|Any CPU
		{C19A8400-4A41-4336-94D7-9EAB1F66CF1D}.Debug|Any CPU.Build.0 = Debug|Any CPU
		{C19A8400-4A41-4336-94D7-9EAB1F66CF1D}.Release|Any CPU.ActiveCfg = Release|Any CPU
		{C19A8400-4A41-4336-94D7-9EAB1F66CF1D}.Release|Any CPU.Build.0 = Release|Any CPU
	EndGlobalSection
	GlobalSection(SolutionProperties) = preSolution
		HideSolutionNode = FALSE
	EndGlobalSection
	GlobalSection(ExtensibilityGlobals) = postSolution
		SolutionGuid = {23718BEA-BED8-41AC-A423-55843BF41217}
	EndGlobalSection
EndGlobal
